{
  "version": 4,
  "terraform_version": "1.5.2",
  "serial": 4,
  "lineage": "534fad41-25a2-1793-45eb-86b9a8385232",
  "outputs": {
    "gcp_instance": {
      "value": {
        "allow_stopping_for_update": null,
        "attached_disk": [],
        "boot_disk": [
          {
            "auto_delete": true,
            "device_name": "persistent-disk-0",
            "disk_encryption_key_raw": "",
            "disk_encryption_key_sha256": "",
            "initialize_params": [
              {
                "image": "https://www.googleapis.com/compute/v1/projects/debian-cloud/global/images/debian-11-bullseye-v20230629",
                "labels": {},
                "size": 10,
                "type": "pd-standard"
              }
            ],
            "kms_key_self_link": "",
            "mode": "READ_WRITE",
            "source": "https://www.googleapis.com/compute/v1/projects/learning-384823/zones/europe-west1-b/disks/terraform-instance"
          }
        ],
        "can_ip_forward": false,
        "confidential_instance_config": [],
        "cpu_platform": "Intel Broadwell",
        "current_status": "RUNNING",
        "deletion_protection": false,
        "description": "",
        "desired_status": null,
        "enable_display": false,
        "guest_accelerator": [],
        "hostname": "",
        "id": "projects/learning-384823/zones/europe-west1-b/instances/terraform-instance",
        "instance_id": "4536238379759100378",
        "label_fingerprint": "42WmSpB8rSM=",
        "labels": {},
        "machine_type": "e2-micro",
        "metadata": {},
        "metadata_fingerprint": "SVwwkhvnapY=",
        "metadata_startup_script": "",
        "min_cpu_platform": "",
        "name": "terraform-instance",
        "network_interface": [
          {
            "access_config": [
              {
                "nat_ip": "34.79.24.130",
                "network_tier": "PREMIUM",
                "public_ptr_domain_name": ""
              }
            ],
            "alias_ip_range": [],
            "name": "nic0",
            "network": "https://www.googleapis.com/compute/v1/projects/learning-384823/global/networks/default",
            "network_ip": "10.132.0.5",
            "nic_type": "",
            "subnetwork": "https://www.googleapis.com/compute/v1/projects/learning-384823/regions/europe-west1/subnetworks/default",
            "subnetwork_project": "learning-384823"
          }
        ],
        "project": "learning-384823",
        "resource_policies": [],
        "scheduling": [
          {
            "automatic_restart": true,
            "min_node_cpus": 0,
            "node_affinities": [],
            "on_host_maintenance": "MIGRATE",
            "preemptible": false
          }
        ],
        "scratch_disk": [],
        "self_link": "https://www.googleapis.com/compute/v1/projects/learning-384823/zones/europe-west1-b/instances/terraform-instance",
        "service_account": [],
        "shielded_instance_config": [
          {
            "enable_integrity_monitoring": true,
            "enable_secure_boot": false,
            "enable_vtpm": true
          }
        ],
        "tags": [],
        "tags_fingerprint": "42WmSpB8rSM=",
        "timeouts": null,
        "zone": "europe-west1-b"
      },
      "type": [
        "object",
        {
          "allow_stopping_for_update": "bool",
          "attached_disk": [
            "list",
            [
              "object",
              {
                "device_name": "string",
                "disk_encryption_key_raw": "string",
                "disk_encryption_key_sha256": "string",
                "kms_key_self_link": "string",
                "mode": "string",
                "source": "string"
              }
            ]
          ],
          "boot_disk": [
            "list",
            [
              "object",
              {
                "auto_delete": "bool",
                "device_name": "string",
                "disk_encryption_key_raw": "string",
                "disk_encryption_key_sha256": "string",
                "initialize_params": [
                  "list",
                  [
                    "object",
                    {
                      "image": "string",
                      "labels": [
                        "map",
                        "string"
                      ],
                      "size": "number",
                      "type": "string"
                    }
                  ]
                ],
                "kms_key_self_link": "string",
                "mode": "string",
                "source": "string"
              }
            ]
          ],
          "can_ip_forward": "bool",
          "confidential_instance_config": [
            "list",
            [
              "object",
              {
                "enable_confidential_compute": "bool"
              }
            ]
          ],
          "cpu_platform": "string",
          "current_status": "string",
          "deletion_protection": "bool",
          "description": "string",
          "desired_status": "string",
          "enable_display": "bool",
          "guest_accelerator": [
            "list",
            [
              "object",
              {
                "count": "number",
                "type": "string"
              }
            ]
          ],
          "hostname": "string",
          "id": "string",
          "instance_id": "string",
          "label_fingerprint": "string",
          "labels": [
            "map",
            "string"
          ],
          "machine_type": "string",
          "metadata": [
            "map",
            "string"
          ],
          "metadata_fingerprint": "string",
          "metadata_startup_script": "string",
          "min_cpu_platform": "string",
          "name": "string",
          "network_interface": [
            "list",
            [
              "object",
              {
                "access_config": [
                  "list",
                  [
                    "object",
                    {
                      "nat_ip": "string",
                      "network_tier": "string",
                      "public_ptr_domain_name": "string"
                    }
                  ]
                ],
                "alias_ip_range": [
                  "list",
                  [
                    "object",
                    {
                      "ip_cidr_range": "string",
                      "subnetwork_range_name": "string"
                    }
                  ]
                ],
                "name": "string",
                "network": "string",
                "network_ip": "string",
                "nic_type": "string",
                "subnetwork": "string",
                "subnetwork_project": "string"
              }
            ]
          ],
          "project": "string",
          "resource_policies": [
            "list",
            "string"
          ],
          "scheduling": [
            "list",
            [
              "object",
              {
                "automatic_restart": "bool",
                "min_node_cpus": "number",
                "node_affinities": [
                  "set",
                  [
                    "object",
                    {
                      "key": "string",
                      "operator": "string",
                      "values": [
                        "set",
                        "string"
                      ]
                    }
                  ]
                ],
                "on_host_maintenance": "string",
                "preemptible": "bool"
              }
            ]
          ],
          "scratch_disk": [
            "list",
            [
              "object",
              {
                "interface": "string"
              }
            ]
          ],
          "self_link": "string",
          "service_account": [
            "list",
            [
              "object",
              {
                "email": "string",
                "scopes": [
                  "set",
                  "string"
                ]
              }
            ]
          ],
          "shielded_instance_config": [
            "list",
            [
              "object",
              {
                "enable_integrity_monitoring": "bool",
                "enable_secure_boot": "bool",
                "enable_vtpm": "bool"
              }
            ]
          ],
          "tags": [
            "set",
            "string"
          ],
          "tags_fingerprint": "string",
          "timeouts": [
            "object",
            {
              "create": "string",
              "delete": "string",
              "update": "string"
            }
          ],
          "zone": "string"
        }
      ],
      "sensitive": true
    }
  },
  "resources": [
    {
      "mode": "managed",
      "type": "google_compute_instance",
      "name": "vm_instance",
      "provider": "provider[\"registry.terraform.io/hashicorp/google\"]",
      "instances": [
        {
          "schema_version": 6,
          "attributes": {
            "allow_stopping_for_update": null,
            "attached_disk": [],
            "boot_disk": [
              {
                "auto_delete": true,
                "device_name": "persistent-disk-0",
                "disk_encryption_key_raw": "",
                "disk_encryption_key_sha256": "",
                "initialize_params": [
                  {
                    "image": "https://www.googleapis.com/compute/v1/projects/debian-cloud/global/images/debian-11-bullseye-v20230629",
                    "labels": {},
                    "size": 10,
                    "type": "pd-standard"
                  }
                ],
                "kms_key_self_link": "",
                "mode": "READ_WRITE",
                "source": "https://www.googleapis.com/compute/v1/projects/learning-384823/zones/europe-west1-b/disks/terraform-instance"
              }
            ],
            "can_ip_forward": false,
            "confidential_instance_config": [],
            "cpu_platform": "Intel Broadwell",
            "current_status": "RUNNING",
            "deletion_protection": false,
            "description": "",
            "desired_status": null,
            "enable_display": false,
            "guest_accelerator": [],
            "hostname": "",
            "id": "projects/learning-384823/zones/europe-west1-b/instances/terraform-instance",
            "instance_id": "4536238379759100378",
            "label_fingerprint": "42WmSpB8rSM=",
            "labels": {},
            "machine_type": "e2-micro",
            "metadata": {},
            "metadata_fingerprint": "SVwwkhvnapY=",
            "metadata_startup_script": "",
            "min_cpu_platform": "",
            "name": "terraform-instance",
            "network_interface": [
              {
                "access_config": [
                  {
                    "nat_ip": "34.79.24.130",
                    "network_tier": "PREMIUM",
                    "public_ptr_domain_name": ""
                  }
                ],
                "alias_ip_range": [],
                "name": "nic0",
                "network": "https://www.googleapis.com/compute/v1/projects/learning-384823/global/networks/default",
                "network_ip": "10.132.0.5",
                "nic_type": "",
                "subnetwork": "https://www.googleapis.com/compute/v1/projects/learning-384823/regions/europe-west1/subnetworks/default",
                "subnetwork_project": "learning-384823"
              }
            ],
            "project": "learning-384823",
            "resource_policies": [],
            "scheduling": [
              {
                "automatic_restart": true,
                "min_node_cpus": 0,
                "node_affinities": [],
                "on_host_maintenance": "MIGRATE",
                "preemptible": false
              }
            ],
            "scratch_disk": [],
            "self_link": "https://www.googleapis.com/compute/v1/projects/learning-384823/zones/europe-west1-b/instances/terraform-instance",
            "service_account": [],
            "shielded_instance_config": [
              {
                "enable_integrity_monitoring": true,
                "enable_secure_boot": false,
                "enable_vtpm": true
              }
            ],
            "tags": [],
            "tags_fingerprint": "42WmSpB8rSM=",
            "timeouts": null,
            "zone": "europe-west1-b"
          },
          "sensitive_attributes": [],
          "private": "eyJlMmJmYjczMC1lY2FhLTExZTYtOGY4OC0zNDM2M2JjN2M0YzAiOnsiY3JlYXRlIjoxMjAwMDAwMDAwMDAwLCJkZWxldGUiOjEyMDAwMDAwMDAwMDAsInVwZGF0ZSI6MTIwMDAwMDAwMDAwMH0sInNjaGVtYV92ZXJzaW9uIjoiNiJ9"
        }
      ]
    }
  ],
  "check_results": null
}
